
Microsoft Visual Studio Solution File, Format Version 12.00
# Visual Studio Version 17
VisualStudioVersion = 17.7.34202.233
MinimumVisualStudioVersion = 10.0.40219.1
Project("{9A19103F-16F7-4668-BE54-9A1E7A4F7556}") = "Saaly", "Saaly\Saaly.csproj", "{5264963E-48F0-4A2C-8736-57482F4D0BC2}"
EndProject
Project("{9A19103F-16F7-4668-BE54-9A1E7A4F7556}") = "Saaly.Models", "Saaly.Models\Saaly.Models.csproj", "{6576246B-CF88-42D8-BCA9-1294DAD0914A}"
EndProject
Project("{9A19103F-16F7-4668-BE54-9A1E7A4F7556}") = "Saaly.Infrastucture", "Saaly.Infrastucture\Saaly.Infrastucture.csproj", "{89012187-D39B-40B9-9156-6C5EA9CA4408}"
EndProject
Project("{9A19103F-16F7-4668-BE54-9A1E7A4F7556}") = "Saaly.Shared", "Saaly.Shared\Saaly.Shared.csproj", "{FC4B3321-CFD5-4BE3-AE79-575C80794278}"
EndProject
Project("{9A19103F-16F7-4668-BE54-9A1E7A4F7556}") = "Saaly.Services", "Saaly.Services\Saaly.Services.csproj", "{CEC5A1D7-0103-4FAD-BFB6-539EE1DE0421}"
EndProject
Project("{9A19103F-16F7-4668-BE54-9A1E7A4F7556}") = "Saaly.User", "Saaly.User\Saaly.User.csproj", "{0F915D8A-6ADE-4A67-8D11-2556DB92B579}"
EndProject
Project("{9A19103F-16F7-4668-BE54-9A1E7A4F7556}") = "Saaly.Data", "Saaly.Data\Saaly.Data.csproj", "{4E358CD5-6853-4817-B8F0-F2464AF0AAE9}"
EndProject
Project("{9A19103F-16F7-4668-BE54-9A1E7A4F7556}") = "Saaly.Tests", "Saaly.Tests\Saaly.Tests.csproj", "{349C0E1F-87FB-4F1D-8200-C91463AAA17A}"
EndProject
Project("{FAE04EC0-301F-11D3-BF4B-00C04F79EFBC}") = "Saaly.Data.Tests", "Saaly.Data.Tests\Saaly.Data.Tests.csproj", "{DAC91CEA-9FB6-4F2E-AC59-F80B6A594DC9}"
EndProject
Global
	GlobalSection(SolutionConfigurationPlatforms) = preSolution
		Debug|Any CPU = Debug|Any CPU
		Release|Any CPU = Release|Any CPU
	EndGlobalSection
	GlobalSection(ProjectConfigurationPlatforms) = postSolution
		{5264963E-48F0-4A2C-8736-57482F4D0BC2}.Debug|Any CPU.ActiveCfg = Debug|Any CPU
		{5264963E-48F0-4A2C-8736-57482F4D0BC2}.Debug|Any CPU.Build.0 = Debug|Any CPU
		{5264963E-48F0-4A2C-8736-57482F4D0BC2}.Release|Any CPU.ActiveCfg = Release|Any CPU
		{5264963E-48F0-4A2C-8736-57482F4D0BC2}.Release|Any CPU.Build.0 = Release|Any CPU
		{6576246B-CF88-42D8-BCA9-1294DAD0914A}.Debug|Any CPU.ActiveCfg = Debug|Any CPU
		{6576246B-CF88-42D8-BCA9-1294DAD0914A}.Debug|Any CPU.Build.0 = Debug|Any CPU
		{6576246B-CF88-42D8-BCA9-1294DAD0914A}.Release|Any CPU.ActiveCfg = Release|Any CPU
		{6576246B-CF88-42D8-BCA9-1294DAD0914A}.Release|Any CPU.Build.0 = Release|Any CPU
		{89012187-D39B-40B9-9156-6C5EA9CA4408}.Debug|Any CPU.ActiveCfg = Debug|Any CPU
		{89012187-D39B-40B9-9156-6C5EA9CA4408}.Debug|Any CPU.Build.0 = Debug|Any CPU
		{89012187-D39B-40B9-9156-6C5EA9CA4408}.Release|Any CPU.ActiveCfg = Release|Any CPU
		{89012187-D39B-40B9-9156-6C5EA9CA4408}.Release|Any CPU.Build.0 = Release|Any CPU
		{FC4B3321-CFD5-4BE3-AE79-575C80794278}.Debug|Any CPU.ActiveCfg = Debug|Any CPU
		{FC4B3321-CFD5-4BE3-AE79-575C80794278}.Debug|Any CPU.Build.0 = Debug|Any CPU
		{FC4B3321-CFD5-4BE3-AE79-575C80794278}.Release|Any CPU.ActiveCfg = Release|Any CPU
		{FC4B3321-CFD5-4BE3-AE79-575C80794278}.Release|Any CPU.Build.0 = Release|Any CPU
		{CEC5A1D7-0103-4FAD-BFB6-539EE1DE0421}.Debug|Any CPU.ActiveCfg = Debug|Any CPU
		{CEC5A1D7-0103-4FAD-BFB6-539EE1DE0421}.Debug|Any CPU.Build.0 = Debug|Any CPU
		{CEC5A1D7-0103-4FAD-BFB6-539EE1DE0421}.Release|Any CPU.ActiveCfg = Release|Any CPU
		{CEC5A1D7-0103-4FAD-BFB6-539EE1DE0421}.Release|Any CPU.Build.0 = Release|Any CPU
		{0F915D8A-6ADE-4A67-8D11-2556DB92B579}.Debug|Any CPU.ActiveCfg = Debug|Any CPU
		{0F915D8A-6ADE-4A67-8D11-2556DB92B579}.Debug|Any CPU.Build.0 = Debug|Any CPU
		{0F915D8A-6ADE-4A67-8D11-2556DB92B579}.Release|Any CPU.ActiveCfg = Release|Any CPU
		{0F915D8A-6ADE-4A67-8D11-2556DB92B579}.Release|Any CPU.Build.0 = Release|Any CPU
		{4E358CD5-6853-4817-B8F0-F2464AF0AAE9}.Debug|Any CPU.ActiveCfg = Debug|Any CPU
		{4E358CD5-6853-4817-B8F0-F2464AF0AAE9}.Debug|Any CPU.Build.0 = Debug|Any CPU
		{4E358CD5-6853-4817-B8F0-F2464AF0AAE9}.Release|Any CPU.ActiveCfg = Release|Any CPU
		{4E358CD5-6853-4817-B8F0-F2464AF0AAE9}.Release|Any CPU.Build.0 = Release|Any CPU
		{349C0E1F-87FB-4F1D-8200-C91463AAA17A}.Debug|Any CPU.ActiveCfg = Debug|Any CPU
		{349C0E1F-87FB-4F1D-8200-C91463AAA17A}.Debug|Any CPU.Build.0 = Debug|Any CPU
		{349C0E1F-87FB-4F1D-8200-C91463AAA17A}.Release|Any CPU.ActiveCfg = Release|Any CPU
		{349C0E1F-87FB-4F1D-8200-C91463AAA17A}.Release|Any CPU.Build.0 = Release|Any CPU
		{DAC91CEA-9FB6-4F2E-AC59-F80B6A594DC9}.Debug|Any CPU.ActiveCfg = Debug|Any CPU
		{DAC91CEA-9FB6-4F2E-AC59-F80B6A594DC9}.Debug|Any CPU.Build.0 = Debug|Any CPU
		{DAC91CEA-9FB6-4F2E-AC59-F80B6A594DC9}.Release|Any CPU.ActiveCfg = Release|Any CPU
		{DAC91CEA-9FB6-4F2E-AC59-F80B6A594DC9}.Release|Any CPU.Build.0 = Release|Any CPU
	EndGlobalSection
	GlobalSection(SolutionProperties) = preSolution
		HideSolutionNode = FALSE
	EndGlobalSection
	GlobalSection(ExtensibilityGlobals) = postSolution
		SolutionGuid = {FC3B50BB-CE6E-4DBC-A8D0-C96091EFEFCE}
	EndGlobalSection
EndGlobal
